
Microsoft Visual Studio Solution File, Format Version 12.00
# Visual Studio Version 17
VisualStudioVersion = 17.13.35931.197
MinimumVisualStudioVersion = 10.0.40219.1
Project("{FAE04EC0-301F-11D3-BF4B-00C04F79EFBC}") = "SmartWebScraper.API", "SmartWebScraper.API\SmartWebScraper.API.csproj", "{A12E886A-A64D-4795-AFE3-FBEAEE17FC57}"
EndProject
Project("{2150E333-8FDC-42A3-9474-1A3956D46DE8}") = "Core", "Core", "{02EA681E-C7D8-13C7-8484-4AC65E1B71E8}"
EndProject
Project("{2150E333-8FDC-42A3-9474-1A3956D46DE8}") = "Infrastructure", "Infrastructure", "{A4733808-7A8F-4044-88A1-E21882E62A64}"
EndProject
Project("{2150E333-8FDC-42A3-9474-1A3956D46DE8}") = "Tests", "Tests", "{292611BA-6CF6-40C3-8BC1-E61B49B02854}"
EndProject
Project("{FAE04EC0-301F-11D3-BF4B-00C04F79EFBC}") = "SmartWebScraper.Application", "SmartWebScraper.Application\SmartWebScraper.Application.csproj", "{F9900AF4-8F5C-4ECC-9144-6D27CADA0626}"
EndProject
Project("{FAE04EC0-301F-11D3-BF4B-00C04F79EFBC}") = "SmartWebScraper.Domain", "SmartWebScraper.Domain\SmartWebScraper.Domain.csproj", "{09B400EB-F6E8-482B-A6F2-5AEF72E74F52}"
EndProject
Project("{FAE04EC0-301F-11D3-BF4B-00C04F79EFBC}") = "SmartWebScraper.Infrastructure", "SmartWebScraper.Infrastructure\SmartWebScraper.Infrastructure.csproj", "{C138FAE6-AB27-4E29-A035-8812104716D1}"
EndProject
Project("{FAE04EC0-301F-11D3-BF4B-00C04F79EFBC}") = "SmartWebScraper.Persistence", "SmartWebScraper.Persistence\SmartWebScraper.Persistence.csproj", "{05F97245-6471-48F2-BC57-5F37A11610DD}"
EndProject
Project("{E53339B2-1760-4266-BCC7-CA923CBCF16C}") = "docker-compose", "docker-compose.dcproj", "{81DDED9D-158B-E303-5F62-77A2896D2A5A}"
EndProject
Project("{FAE04EC0-301F-11D3-BF4B-00C04F79EFBC}") = "SmartWebScraper.UnitTests", "..\SmartWebScraper.UnitTests\SmartWebScraper.UnitTests.csproj", "{FCE8197F-8120-4DAA-B58E-61895531C1EC}"
EndProject
Global
	GlobalSection(SolutionConfigurationPlatforms) = preSolution
		Debug|Any CPU = Debug|Any CPU
		Release|Any CPU = Release|Any CPU
	EndGlobalSection
	GlobalSection(ProjectConfigurationPlatforms) = postSolution
		{A12E886A-A64D-4795-AFE3-FBEAEE17FC57}.Debug|Any CPU.ActiveCfg = Debug|Any CPU
		{A12E886A-A64D-4795-AFE3-FBEAEE17FC57}.Debug|Any CPU.Build.0 = Debug|Any CPU
		{A12E886A-A64D-4795-AFE3-FBEAEE17FC57}.Release|Any CPU.ActiveCfg = Release|Any CPU
		{A12E886A-A64D-4795-AFE3-FBEAEE17FC57}.Release|Any CPU.Build.0 = Release|Any CPU
		{F9900AF4-8F5C-4ECC-9144-6D27CADA0626}.Debug|Any CPU.ActiveCfg = Debug|Any CPU
		{F9900AF4-8F5C-4ECC-9144-6D27CADA0626}.Debug|Any CPU.Build.0 = Debug|Any CPU
		{F9900AF4-8F5C-4ECC-9144-6D27CADA0626}.Release|Any CPU.ActiveCfg = Release|Any CPU
		{F9900AF4-8F5C-4ECC-9144-6D27CADA0626}.Release|Any CPU.Build.0 = Release|Any CPU
		{09B400EB-F6E8-482B-A6F2-5AEF72E74F52}.Debug|Any CPU.ActiveCfg = Debug|Any CPU
		{09B400EB-F6E8-482B-A6F2-5AEF72E74F52}.Debug|Any CPU.Build.0 = Debug|Any CPU
		{09B400EB-F6E8-482B-A6F2-5AEF72E74F52}.Release|Any CPU.ActiveCfg = Release|Any CPU
		{09B400EB-F6E8-482B-A6F2-5AEF72E74F52}.Release|Any CPU.Build.0 = Release|Any CPU
		{C138FAE6-AB27-4E29-A035-8812104716D1}.Debug|Any CPU.ActiveCfg = Debug|Any CPU
		{C138FAE6-AB27-4E29-A035-8812104716D1}.Debug|Any CPU.Build.0 = Debug|Any CPU
		{C138FAE6-AB27-4E29-A035-8812104716D1}.Release|Any CPU.ActiveCfg = Release|Any CPU
		{C138FAE6-AB27-4E29-A035-8812104716D1}.Release|Any CPU.Build.0 = Release|Any CPU
		{05F97245-6471-48F2-BC57-5F37A11610DD}.Debug|Any CPU.ActiveCfg = Debug|Any CPU
		{05F97245-6471-48F2-BC57-5F37A11610DD}.Debug|Any CPU.Build.0 = Debug|Any CPU
		{05F97245-6471-48F2-BC57-5F37A11610DD}.Release|Any CPU.ActiveCfg = Release|Any CPU
		{05F97245-6471-48F2-BC57-5F37A11610DD}.Release|Any CPU.Build.0 = Release|Any CPU
		{81DDED9D-158B-E303-5F62-77A2896D2A5A}.Debug|Any CPU.ActiveCfg = Debug|Any CPU
		{81DDED9D-158B-E303-5F62-77A2896D2A5A}.Debug|Any CPU.Build.0 = Debug|Any CPU
		{81DDED9D-158B-E303-5F62-77A2896D2A5A}.Release|Any CPU.ActiveCfg = Release|Any CPU
		{81DDED9D-158B-E303-5F62-77A2896D2A5A}.Release|Any CPU.Build.0 = Release|Any CPU
		{FCE8197F-8120-4DAA-B58E-61895531C1EC}.Debug|Any CPU.ActiveCfg = Debug|Any CPU
		{FCE8197F-8120-4DAA-B58E-61895531C1EC}.Debug|Any CPU.Build.0 = Debug|Any CPU
		{FCE8197F-8120-4DAA-B58E-61895531C1EC}.Release|Any CPU.ActiveCfg = Release|Any CPU
		{FCE8197F-8120-4DAA-B58E-61895531C1EC}.Release|Any CPU.Build.0 = Release|Any CPU
	EndGlobalSection
	GlobalSection(SolutionProperties) = preSolution
		HideSolutionNode = FALSE
	EndGlobalSection
	GlobalSection(NestedProjects) = preSolution
		{F9900AF4-8F5C-4ECC-9144-6D27CADA0626} = {02EA681E-C7D8-13C7-8484-4AC65E1B71E8}
		{09B400EB-F6E8-482B-A6F2-5AEF72E74F52} = {02EA681E-C7D8-13C7-8484-4AC65E1B71E8}
		{C138FAE6-AB27-4E29-A035-8812104716D1} = {A4733808-7A8F-4044-88A1-E21882E62A64}
		{05F97245-6471-48F2-BC57-5F37A11610DD} = {A4733808-7A8F-4044-88A1-E21882E62A64}
		{FCE8197F-8120-4DAA-B58E-61895531C1EC} = {292611BA-6CF6-40C3-8BC1-E61B49B02854}
	EndGlobalSection
	GlobalSection(ExtensibilityGlobals) = postSolution
		SolutionGuid = {454D3394-FE8B-4123-9164-E3FB88D85714}
	EndGlobalSection
EndGlobal
